
Microsoft Visual Studio Solution File, Format Version 12.00
# Visual Studio Version 16
VisualStudioVersion = 16.0.30225.117
MinimumVisualStudioVersion = 10.0.40219.1
Project("{FAE04EC0-301F-11D3-BF4B-00C04F79EFBC}") = "Api", "Api\Api.csproj", "{898CDC28-BB70-4E62-BE3C-166510FCAF45}"
EndProject
Project("{FAE04EC0-301F-11D3-BF4B-00C04F79EFBC}") = "Domain", "Domain\Domain.csproj", "{BE35EC95-7E0B-4349-B1DB-4A6ADF4DB96D}"
EndProject
Project("{FAE04EC0-301F-11D3-BF4B-00C04F79EFBC}") = "DataAccess", "DataAccess\DataAccess.csproj", "{9638A7AC-C657-4C04-95FE-A4BB2B82A9C6}"
EndProject
Project("{FAE04EC0-301F-11D3-BF4B-00C04F79EFBC}") = "ApplicationLogic", "ApplicationLogic\ApplicationLogic.csproj", "{D60C5415-C405-43E7-ABFC-F1F8AE98AA4F}"
EndProject
Global
	GlobalSection(SolutionConfigurationPlatforms) = preSolution
		Debug|Any CPU = Debug|Any CPU
		Release|Any CPU = Release|Any CPU
	EndGlobalSection
	GlobalSection(ProjectConfigurationPlatforms) = postSolution
		{898CDC28-BB70-4E62-BE3C-166510FCAF45}.Debug|Any CPU.ActiveCfg = Debug|Any CPU
		{898CDC28-BB70-4E62-BE3C-166510FCAF45}.Debug|Any CPU.Build.0 = Debug|Any CPU
		{898CDC28-BB70-4E62-BE3C-166510FCAF45}.Release|Any CPU.ActiveCfg = Release|Any CPU
		{898CDC28-BB70-4E62-BE3C-166510FCAF45}.Release|Any CPU.Build.0 = Release|Any CPU
		{BE35EC95-7E0B-4349-B1DB-4A6ADF4DB96D}.Debug|Any CPU.ActiveCfg = Debug|Any CPU
		{BE35EC95-7E0B-4349-B1DB-4A6ADF4DB96D}.Debug|Any CPU.Build.0 = Debug|Any CPU
		{BE35EC95-7E0B-4349-B1DB-4A6ADF4DB96D}.Release|Any CPU.ActiveCfg = Release|Any CPU
		{BE35EC95-7E0B-4349-B1DB-4A6ADF4DB96D}.Release|Any CPU.Build.0 = Release|Any CPU
		{9638A7AC-C657-4C04-95FE-A4BB2B82A9C6}.Debug|Any CPU.ActiveCfg = Debug|Any CPU
		{9638A7AC-C657-4C04-95FE-A4BB2B82A9C6}.Debug|Any CPU.Build.0 = Debug|Any CPU
		{9638A7AC-C657-4C04-95FE-A4BB2B82A9C6}.Release|Any CPU.ActiveCfg = Release|Any CPU
		{9638A7AC-C657-4C04-95FE-A4BB2B82A9C6}.Release|Any CPU.Build.0 = Release|Any CPU
		{D60C5415-C405-43E7-ABFC-F1F8AE98AA4F}.Debug|Any CPU.ActiveCfg = Debug|Any CPU
		{D60C5415-C405-43E7-ABFC-F1F8AE98AA4F}.Debug|Any CPU.Build.0 = Debug|Any CPU
		{D60C5415-C405-43E7-ABFC-F1F8AE98AA4F}.Release|Any CPU.ActiveCfg = Release|Any CPU
		{D60C5415-C405-43E7-ABFC-F1F8AE98AA4F}.Release|Any CPU.Build.0 = Release|Any CPU
	EndGlobalSection
	GlobalSection(SolutionProperties) = preSolution
		HideSolutionNode = FALSE
	EndGlobalSection
	GlobalSection(ExtensibilityGlobals) = postSolution
		SolutionGuid = {8D19B1FE-FCC6-4783-A30A-B17A51FE7BB2}
	EndGlobalSection
EndGlobal
